// !$*UTF8*$!
{
	archiveVersion = 1;
	classes = {
	};
	objectVersion = 56;
	objects = {

/* Begin PBXBuildFile section */
		3C80C1CD2C6B627200341A90 /* WeatherCollectionViewCell.swift in Sources */ = {isa = PBXBuildFile; fileRef = 3C80C1CC2C6B627200341A90 /* WeatherCollectionViewCell.swift */; };
		3C80C1CF2C6B628000341A90 /* WeatherTableViewCell.swift in Sources */ = {isa = PBXBuildFile; fileRef = 3C80C1CE2C6B628000341A90 /* WeatherTableViewCell.swift */; };
		4536F2182C6A36E100E20A2B /* DetailDayViewController.swift in Sources */ = {isa = PBXBuildFile; fileRef = 4536F2172C6A36E100E20A2B /* DetailDayViewController.swift */; };
		4536F21C2C6A372000E20A2B /* DetailDaySectionHeaderView.swift in Sources */ = {isa = PBXBuildFile; fileRef = 4536F21B2C6A372000E20A2B /* DetailDaySectionHeaderView.swift */; };
		4536F24F2C6AE8C900E20A2B /* WeaterDetailCollectionViewCell.swift in Sources */ = {isa = PBXBuildFile; fileRef = 4536F24E2C6AE8C900E20A2B /* WeaterDetailCollectionViewCell.swift */; };
		45EBC6952C6C8572006C107E /* TempView.swift in Sources */ = {isa = PBXBuildFile; fileRef = 45EBC6942C6C8572006C107E /* TempView.swift */; };
		45EBC6972C6CB6CE006C107E /* TestView.swift in Sources */ = {isa = PBXBuildFile; fileRef = 45EBC6962C6CB6CE006C107E /* TestView.swift */; };
		C29F6DA42C6A35AA0081FA15 /* ListViewController.swift in Sources */ = {isa = PBXBuildFile; fileRef = C29F6DA32C6A35AA0081FA15 /* ListViewController.swift */; };
		C29F6DA62C6A35B50081FA15 /* ListView.swift in Sources */ = {isa = PBXBuildFile; fileRef = C29F6DA52C6A35B50081FA15 /* ListView.swift */; };
		C29FCE662C6C3B1200F8951D /* ListCollectionViewCell.swift in Sources */ = {isa = PBXBuildFile; fileRef = C29FCE652C6C3B1200F8951D /* ListCollectionViewCell.swift */; };
		DA06DFB72C6B3E8600C7265F /* NetworkManager.swift in Sources */ = {isa = PBXBuildFile; fileRef = DA06DFB62C6B3E8600C7265F /* NetworkManager.swift */; };
		DA06DFB92C6B80D200C7265F /* CurrentWeatherResult.swift in Sources */ = {isa = PBXBuildFile; fileRef = DA06DFB82C6B80D200C7265F /* CurrentWeatherResult.swift */; };
		E5ACDC362C69E1A700BB9484 /* AppDelegate.swift in Sources */ = {isa = PBXBuildFile; fileRef = E5ACDC352C69E1A700BB9484 /* AppDelegate.swift */; };
		E5ACDC3A2C69E1A700BB9484 /* MainViewController.swift in Sources */ = {isa = PBXBuildFile; fileRef = E5ACDC392C69E1A700BB9484 /* MainViewController.swift */; };
		E5ACDC3F2C69E1A900BB9484 /* Assets.xcassets in Resources */ = {isa = PBXBuildFile; fileRef = E5ACDC3E2C69E1A900BB9484 /* Assets.xcassets */; };
		E5ACDC422C69E1A900BB9484 /* Base in Resources */ = {isa = PBXBuildFile; fileRef = E5ACDC412C69E1A900BB9484 /* Base */; };
		E5ACDC4B2C69E22900BB9484 /* SnapKit in Frameworks */ = {isa = PBXBuildFile; productRef = E5ACDC4A2C69E22900BB9484 /* SnapKit */; };
		E5ACDC522C69E37E00BB9484 /* WeatherViewController.swift in Sources */ = {isa = PBXBuildFile; fileRef = E5ACDC512C69E37E00BB9484 /* WeatherViewController.swift */; };
		E5ACDC552C6A353A00BB9484 /* empty.swift in Sources */ = {isa = PBXBuildFile; fileRef = E5ACDC542C6A353A00BB9484 /* empty.swift */; };
		E5ACDC572C6A354200BB9484 /* empty2.swift in Sources */ = {isa = PBXBuildFile; fileRef = E5ACDC562C6A354200BB9484 /* empty2.swift */; };
/* End PBXBuildFile section */

/* Begin PBXFileReference section */
		3C80C1CC2C6B627200341A90 /* WeatherCollectionViewCell.swift */ = {isa = PBXFileReference; lastKnownFileType = sourcecode.swift; path = WeatherCollectionViewCell.swift; sourceTree = "<group>"; };
		3C80C1CE2C6B628000341A90 /* WeatherTableViewCell.swift */ = {isa = PBXFileReference; lastKnownFileType = sourcecode.swift; path = WeatherTableViewCell.swift; sourceTree = "<group>"; };
		4536F2172C6A36E100E20A2B /* DetailDayViewController.swift */ = {isa = PBXFileReference; lastKnownFileType = sourcecode.swift; path = DetailDayViewController.swift; sourceTree = "<group>"; };
		4536F21B2C6A372000E20A2B /* DetailDaySectionHeaderView.swift */ = {isa = PBXFileReference; lastKnownFileType = sourcecode.swift; path = DetailDaySectionHeaderView.swift; sourceTree = "<group>"; };
		4536F24E2C6AE8C900E20A2B /* WeaterDetailCollectionViewCell.swift */ = {isa = PBXFileReference; lastKnownFileType = sourcecode.swift; path = WeaterDetailCollectionViewCell.swift; sourceTree = "<group>"; };
		45EBC6942C6C8572006C107E /* TempView.swift */ = {isa = PBXFileReference; lastKnownFileType = sourcecode.swift; path = TempView.swift; sourceTree = "<group>"; };
		45EBC6962C6CB6CE006C107E /* TestView.swift */ = {isa = PBXFileReference; lastKnownFileType = sourcecode.swift; path = TestView.swift; sourceTree = "<group>"; };
		C29F6DA32C6A35AA0081FA15 /* ListViewController.swift */ = {isa = PBXFileReference; lastKnownFileType = sourcecode.swift; path = ListViewController.swift; sourceTree = "<group>"; };
		C29F6DA52C6A35B50081FA15 /* ListView.swift */ = {isa = PBXFileReference; lastKnownFileType = sourcecode.swift; path = ListView.swift; sourceTree = "<group>"; };
		C29FCE652C6C3B1200F8951D /* ListCollectionViewCell.swift */ = {isa = PBXFileReference; lastKnownFileType = sourcecode.swift; path = ListCollectionViewCell.swift; sourceTree = "<group>"; };
		DA06DFB62C6B3E8600C7265F /* NetworkManager.swift */ = {isa = PBXFileReference; lastKnownFileType = sourcecode.swift; path = NetworkManager.swift; sourceTree = "<group>"; };
		DA06DFB82C6B80D200C7265F /* CurrentWeatherResult.swift */ = {isa = PBXFileReference; lastKnownFileType = sourcecode.swift; path = CurrentWeatherResult.swift; sourceTree = "<group>"; };
		E5ACDC322C69E1A700BB9484 /* WetherApp.app */ = {isa = PBXFileReference; explicitFileType = wrapper.application; includeInIndex = 0; path = WetherApp.app; sourceTree = BUILT_PRODUCTS_DIR; };
		E5ACDC352C69E1A700BB9484 /* AppDelegate.swift */ = {isa = PBXFileReference; lastKnownFileType = sourcecode.swift; path = AppDelegate.swift; sourceTree = "<group>"; };
		E5ACDC392C69E1A700BB9484 /* MainViewController.swift */ = {isa = PBXFileReference; lastKnownFileType = sourcecode.swift; path = MainViewController.swift; sourceTree = "<group>"; };
		E5ACDC3E2C69E1A900BB9484 /* Assets.xcassets */ = {isa = PBXFileReference; lastKnownFileType = folder.assetcatalog; path = Assets.xcassets; sourceTree = "<group>"; };
		E5ACDC412C69E1A900BB9484 /* Base */ = {isa = PBXFileReference; lastKnownFileType = file.storyboard; name = Base; path = Base.lproj/LaunchScreen.storyboard; sourceTree = "<group>"; };
		E5ACDC432C69E1A900BB9484 /* Info.plist */ = {isa = PBXFileReference; lastKnownFileType = text.plist.xml; path = Info.plist; sourceTree = "<group>"; };
		E5ACDC512C69E37E00BB9484 /* WeatherViewController.swift */ = {isa = PBXFileReference; lastKnownFileType = sourcecode.swift; path = WeatherViewController.swift; sourceTree = "<group>"; };
		E5ACDC542C6A353A00BB9484 /* empty.swift */ = {isa = PBXFileReference; lastKnownFileType = sourcecode.swift; path = empty.swift; sourceTree = "<group>"; };
		E5ACDC562C6A354200BB9484 /* empty2.swift */ = {isa = PBXFileReference; lastKnownFileType = sourcecode.swift; path = empty2.swift; sourceTree = "<group>"; };
/* End PBXFileReference section */

/* Begin PBXFrameworksBuildPhase section */
		E5ACDC2F2C69E1A700BB9484 /* Frameworks */ = {
			isa = PBXFrameworksBuildPhase;
			buildActionMask = 2147483647;
			files = (
				E5ACDC4B2C69E22900BB9484 /* SnapKit in Frameworks */,
			);
			runOnlyForDeploymentPostprocessing = 0;
		};
/* End PBXFrameworksBuildPhase section */

/* Begin PBXGroup section */
		4536F2162C6A367500E20A2B /* DetailDayView */ = {
			isa = PBXGroup;
			children = (
				4536F2172C6A36E100E20A2B /* DetailDayViewController.swift */,
				4536F21B2C6A372000E20A2B /* DetailDaySectionHeaderView.swift */,
				4536F24E2C6AE8C900E20A2B /* WeaterDetailCollectionViewCell.swift */,
				45EBC6932C6C84F5006C107E /* CustomCellView */,
			);
			path = DetailDayView;
			sourceTree = "<group>";
		};
		45EBC6932C6C84F5006C107E /* CustomCellView */ = {
			isa = PBXGroup;
			children = (
				45EBC6942C6C8572006C107E /* TempView.swift */,
				45EBC6962C6CB6CE006C107E /* TestView.swift */,
			);
			path = CustomCellView;
			sourceTree = "<group>";
		};
		E5ACDC292C69E1A700BB9484 = {
			isa = PBXGroup;
			children = (
				E5ACDC342C69E1A700BB9484 /* WetherApp */,
				E5ACDC332C69E1A700BB9484 /* Products */,
			);
			sourceTree = "<group>";
		};
		E5ACDC332C69E1A700BB9484 /* Products */ = {
			isa = PBXGroup;
			children = (
				E5ACDC322C69E1A700BB9484 /* WetherApp.app */,
			);
			name = Products;
			sourceTree = "<group>";
		};
		E5ACDC342C69E1A700BB9484 /* WetherApp */ = {
			isa = PBXGroup;
			children = (
				E5ACDC532C69E3A400BB9484 /* Common */,
				E5ACDC4E2C69E23600BB9484 /* Model */,
				E5ACDC4F2C69E23F00BB9484 /* View */,
				E5ACDC502C69E24700BB9484 /* Controller */,
				E5ACDC352C69E1A700BB9484 /* AppDelegate.swift */,
				E5ACDC3E2C69E1A900BB9484 /* Assets.xcassets */,
				E5ACDC402C69E1A900BB9484 /* LaunchScreen.storyboard */,
				E5ACDC432C69E1A900BB9484 /* Info.plist */,
			);
			path = WetherApp;
			sourceTree = "<group>";
		};
		E5ACDC4E2C69E23600BB9484 /* Model */ = {
			isa = PBXGroup;
			children = (
				E5ACDC542C6A353A00BB9484 /* empty.swift */,
				DA06DFB82C6B80D200C7265F /* CurrentWeatherResult.swift */,
			);
			path = Model;
			sourceTree = "<group>";
		};
		E5ACDC4F2C69E23F00BB9484 /* View */ = {
			isa = PBXGroup;
			children = (
				E5ACDC512C69E37E00BB9484 /* WeatherViewController.swift */,
				C29F6DA52C6A35B50081FA15 /* ListView.swift */,
				C29FCE652C6C3B1200F8951D /* ListCollectionViewCell.swift */,
				4536F2162C6A367500E20A2B /* DetailDayView */,
				3C80C1CC2C6B627200341A90 /* WeatherCollectionViewCell.swift */,
				3C80C1CE2C6B628000341A90 /* WeatherTableViewCell.swift */,
			);
			path = View;
			sourceTree = "<group>";
		};
		E5ACDC502C69E24700BB9484 /* Controller */ = {
			isa = PBXGroup;
			children = (
				E5ACDC392C69E1A700BB9484 /* MainViewController.swift */,
				C29F6DA32C6A35AA0081FA15 /* ListViewController.swift */,
			);
			path = Controller;
			sourceTree = "<group>";
		};
		E5ACDC532C69E3A400BB9484 /* Common */ = {
			isa = PBXGroup;
			children = (
				E5ACDC562C6A354200BB9484 /* empty2.swift */,
				DA06DFB62C6B3E8600C7265F /* NetworkManager.swift */,
			);
			path = Common;
			sourceTree = "<group>";
		};
/* End PBXGroup section */

/* Begin PBXNativeTarget section */
		E5ACDC312C69E1A700BB9484 /* WetherApp */ = {
			isa = PBXNativeTarget;
			buildConfigurationList = E5ACDC462C69E1A900BB9484 /* Build configuration list for PBXNativeTarget "WetherApp" */;
			buildPhases = (
				E5ACDC2E2C69E1A700BB9484 /* Sources */,
				E5ACDC2F2C69E1A700BB9484 /* Frameworks */,
				E5ACDC302C69E1A700BB9484 /* Resources */,
			);
			buildRules = (
			);
			dependencies = (
			);
			name = WetherApp;
			packageProductDependencies = (
				E5ACDC4A2C69E22900BB9484 /* SnapKit */,
			);
			productName = WetherApp;
			productReference = E5ACDC322C69E1A700BB9484 /* WetherApp.app */;
			productType = "com.apple.product-type.application";
		};
/* End PBXNativeTarget section */

/* Begin PBXProject section */
		E5ACDC2A2C69E1A700BB9484 /* Project object */ = {
			isa = PBXProject;
			attributes = {
				BuildIndependentTargetsInParallel = 1;
				LastSwiftUpdateCheck = 1530;
				LastUpgradeCheck = 1530;
				TargetAttributes = {
					E5ACDC312C69E1A700BB9484 = {
						CreatedOnToolsVersion = 15.3;
					};
				};
			};
			buildConfigurationList = E5ACDC2D2C69E1A700BB9484 /* Build configuration list for PBXProject "WetherApp" */;
			compatibilityVersion = "Xcode 14.0";
			developmentRegion = en;
			hasScannedForEncodings = 0;
			knownRegions = (
				en,
				Base,
			);
			mainGroup = E5ACDC292C69E1A700BB9484;
			packageReferences = (
				E5ACDC492C69E22900BB9484 /* XCRemoteSwiftPackageReference "SnapKit" */,
			);
			productRefGroup = E5ACDC332C69E1A700BB9484 /* Products */;
			projectDirPath = "";
			projectRoot = "";
			targets = (
				E5ACDC312C69E1A700BB9484 /* WetherApp */,
			);
		};
/* End PBXProject section */

/* Begin PBXResourcesBuildPhase section */
		E5ACDC302C69E1A700BB9484 /* Resources */ = {
			isa = PBXResourcesBuildPhase;
			buildActionMask = 2147483647;
			files = (
				E5ACDC3F2C69E1A900BB9484 /* Assets.xcassets in Resources */,
				E5ACDC422C69E1A900BB9484 /* Base in Resources */,
			);
			runOnlyForDeploymentPostprocessing = 0;
		};
/* End PBXResourcesBuildPhase section */

/* Begin PBXSourcesBuildPhase section */
		E5ACDC2E2C69E1A700BB9484 /* Sources */ = {
			isa = PBXSourcesBuildPhase;
			buildActionMask = 2147483647;
			files = (
				C29FCE662C6C3B1200F8951D /* ListCollectionViewCell.swift in Sources */,
				4536F2182C6A36E100E20A2B /* DetailDayViewController.swift in Sources */,
				4536F24F2C6AE8C900E20A2B /* WeaterDetailCollectionViewCell.swift in Sources */,
				4536F21C2C6A372000E20A2B /* DetailDaySectionHeaderView.swift in Sources */,
				DA06DFB72C6B3E8600C7265F /* NetworkManager.swift in Sources */,
				E5ACDC3A2C69E1A700BB9484 /* MainViewController.swift in Sources */,
				3C80C1CD2C6B627200341A90 /* WeatherCollectionViewCell.swift in Sources */,
				E5ACDC552C6A353A00BB9484 /* empty.swift in Sources */,
				3C80C1CF2C6B628000341A90 /* WeatherTableViewCell.swift in Sources */,
				E5ACDC522C69E37E00BB9484 /* WeatherViewController.swift in Sources */,
				45EBC6952C6C8572006C107E /* TempView.swift in Sources */,
				E5ACDC522C69E37E00BB9484 /* WeatherViewController.swift in Sources */,
				C29F6DA62C6A35B50081FA15 /* ListView.swift in Sources */,
				C29F6DA42C6A35AA0081FA15 /* ListViewController.swift in Sources */,
				45EBC6972C6CB6CE006C107E /* TestView.swift in Sources */,
				E5ACDC362C69E1A700BB9484 /* AppDelegate.swift in Sources */,
				DA06DFB92C6B80D200C7265F /* CurrentWeatherResult.swift in Sources */,
				E5ACDC572C6A354200BB9484 /* empty2.swift in Sources */,
			);
			runOnlyForDeploymentPostprocessing = 0;
		};
/* End PBXSourcesBuildPhase section */

/* Begin PBXVariantGroup section */
		E5ACDC402C69E1A900BB9484 /* LaunchScreen.storyboard */ = {
			isa = PBXVariantGroup;
			children = (
				E5ACDC412C69E1A900BB9484 /* Base */,
			);
			name = LaunchScreen.storyboard;
			sourceTree = "<group>";
		};
/* End PBXVariantGroup section */

/* Begin XCBuildConfiguration section */
		E5ACDC442C69E1A900BB9484 /* Debug */ = {
			isa = XCBuildConfiguration;
			buildSettings = {
				ALWAYS_SEARCH_USER_PATHS = NO;
				ASSETCATALOG_COMPILER_GENERATE_SWIFT_ASSET_SYMBOL_EXTENSIONS = YES;
				CLANG_ANALYZER_NONNULL = YES;
				CLANG_ANALYZER_NUMBER_OBJECT_CONVERSION = YES_AGGRESSIVE;
				CLANG_CXX_LANGUAGE_STANDARD = "gnu++20";
				CLANG_ENABLE_MODULES = YES;
				CLANG_ENABLE_OBJC_ARC = YES;
				CLANG_ENABLE_OBJC_WEAK = YES;
				CLANG_WARN_BLOCK_CAPTURE_AUTORELEASING = YES;
				CLANG_WARN_BOOL_CONVERSION = YES;
				CLANG_WARN_COMMA = YES;
				CLANG_WARN_CONSTANT_CONVERSION = YES;
				CLANG_WARN_DEPRECATED_OBJC_IMPLEMENTATIONS = YES;
				CLANG_WARN_DIRECT_OBJC_ISA_USAGE = YES_ERROR;
				CLANG_WARN_DOCUMENTATION_COMMENTS = YES;
				CLANG_WARN_EMPTY_BODY = YES;
				CLANG_WARN_ENUM_CONVERSION = YES;
				CLANG_WARN_INFINITE_RECURSION = YES;
				CLANG_WARN_INT_CONVERSION = YES;
				CLANG_WARN_NON_LITERAL_NULL_CONVERSION = YES;
				CLANG_WARN_OBJC_IMPLICIT_RETAIN_SELF = YES;
				CLANG_WARN_OBJC_LITERAL_CONVERSION = YES;
				CLANG_WARN_OBJC_ROOT_CLASS = YES_ERROR;
				CLANG_WARN_QUOTED_INCLUDE_IN_FRAMEWORK_HEADER = YES;
				CLANG_WARN_RANGE_LOOP_ANALYSIS = YES;
				CLANG_WARN_STRICT_PROTOTYPES = YES;
				CLANG_WARN_SUSPICIOUS_MOVE = YES;
				CLANG_WARN_UNGUARDED_AVAILABILITY = YES_AGGRESSIVE;
				CLANG_WARN_UNREACHABLE_CODE = YES;
				CLANG_WARN__DUPLICATE_METHOD_MATCH = YES;
				COPY_PHASE_STRIP = NO;
				DEBUG_INFORMATION_FORMAT = dwarf;
				ENABLE_STRICT_OBJC_MSGSEND = YES;
				ENABLE_TESTABILITY = YES;
				ENABLE_USER_SCRIPT_SANDBOXING = YES;
				GCC_C_LANGUAGE_STANDARD = gnu17;
				GCC_DYNAMIC_NO_PIC = NO;
				GCC_NO_COMMON_BLOCKS = YES;
				GCC_OPTIMIZATION_LEVEL = 0;
				GCC_PREPROCESSOR_DEFINITIONS = (
					"DEBUG=1",
					"$(inherited)",
				);
				GCC_WARN_64_TO_32_BIT_CONVERSION = YES;
				GCC_WARN_ABOUT_RETURN_TYPE = YES_ERROR;
				GCC_WARN_UNDECLARED_SELECTOR = YES;
				GCC_WARN_UNINITIALIZED_AUTOS = YES_AGGRESSIVE;
				GCC_WARN_UNUSED_FUNCTION = YES;
				GCC_WARN_UNUSED_VARIABLE = YES;
				IPHONEOS_DEPLOYMENT_TARGET = 17.0;
				LOCALIZATION_PREFERS_STRING_CATALOGS = YES;
				MTL_ENABLE_DEBUG_INFO = INCLUDE_SOURCE;
				MTL_FAST_MATH = YES;
				ONLY_ACTIVE_ARCH = YES;
				SDKROOT = iphoneos;
				SWIFT_ACTIVE_COMPILATION_CONDITIONS = "DEBUG $(inherited)";
				SWIFT_OPTIMIZATION_LEVEL = "-Onone";
			};
			name = Debug;
		};
		E5ACDC452C69E1A900BB9484 /* Release */ = {
			isa = XCBuildConfiguration;
			buildSettings = {
				ALWAYS_SEARCH_USER_PATHS = NO;
				ASSETCATALOG_COMPILER_GENERATE_SWIFT_ASSET_SYMBOL_EXTENSIONS = YES;
				CLANG_ANALYZER_NONNULL = YES;
				CLANG_ANALYZER_NUMBER_OBJECT_CONVERSION = YES_AGGRESSIVE;
				CLANG_CXX_LANGUAGE_STANDARD = "gnu++20";
				CLANG_ENABLE_MODULES = YES;
				CLANG_ENABLE_OBJC_ARC = YES;
				CLANG_ENABLE_OBJC_WEAK = YES;
				CLANG_WARN_BLOCK_CAPTURE_AUTORELEASING = YES;
				CLANG_WARN_BOOL_CONVERSION = YES;
				CLANG_WARN_COMMA = YES;
				CLANG_WARN_CONSTANT_CONVERSION = YES;
				CLANG_WARN_DEPRECATED_OBJC_IMPLEMENTATIONS = YES;
				CLANG_WARN_DIRECT_OBJC_ISA_USAGE = YES_ERROR;
				CLANG_WARN_DOCUMENTATION_COMMENTS = YES;
				CLANG_WARN_EMPTY_BODY = YES;
				CLANG_WARN_ENUM_CONVERSION = YES;
				CLANG_WARN_INFINITE_RECURSION = YES;
				CLANG_WARN_INT_CONVERSION = YES;
				CLANG_WARN_NON_LITERAL_NULL_CONVERSION = YES;
				CLANG_WARN_OBJC_IMPLICIT_RETAIN_SELF = YES;
				CLANG_WARN_OBJC_LITERAL_CONVERSION = YES;
				CLANG_WARN_OBJC_ROOT_CLASS = YES_ERROR;
				CLANG_WARN_QUOTED_INCLUDE_IN_FRAMEWORK_HEADER = YES;
				CLANG_WARN_RANGE_LOOP_ANALYSIS = YES;
				CLANG_WARN_STRICT_PROTOTYPES = YES;
				CLANG_WARN_SUSPICIOUS_MOVE = YES;
				CLANG_WARN_UNGUARDED_AVAILABILITY = YES_AGGRESSIVE;
				CLANG_WARN_UNREACHABLE_CODE = YES;
				CLANG_WARN__DUPLICATE_METHOD_MATCH = YES;
				COPY_PHASE_STRIP = NO;
				DEBUG_INFORMATION_FORMAT = "dwarf-with-dsym";
				ENABLE_NS_ASSERTIONS = NO;
				ENABLE_STRICT_OBJC_MSGSEND = YES;
				ENABLE_USER_SCRIPT_SANDBOXING = YES;
				GCC_C_LANGUAGE_STANDARD = gnu17;
				GCC_NO_COMMON_BLOCKS = YES;
				GCC_WARN_64_TO_32_BIT_CONVERSION = YES;
				GCC_WARN_ABOUT_RETURN_TYPE = YES_ERROR;
				GCC_WARN_UNDECLARED_SELECTOR = YES;
				GCC_WARN_UNINITIALIZED_AUTOS = YES_AGGRESSIVE;
				GCC_WARN_UNUSED_FUNCTION = YES;
				GCC_WARN_UNUSED_VARIABLE = YES;
				IPHONEOS_DEPLOYMENT_TARGET = 17.0;
				LOCALIZATION_PREFERS_STRING_CATALOGS = YES;
				MTL_ENABLE_DEBUG_INFO = NO;
				MTL_FAST_MATH = YES;
				SDKROOT = iphoneos;
				SWIFT_COMPILATION_MODE = wholemodule;
				VALIDATE_PRODUCT = YES;
			};
			name = Release;
		};
		E5ACDC472C69E1A900BB9484 /* Debug */ = {
			isa = XCBuildConfiguration;
			buildSettings = {
				ASSETCATALOG_COMPILER_APPICON_NAME = AppIcon;
				ASSETCATALOG_COMPILER_GLOBAL_ACCENT_COLOR_NAME = AccentColor;
				CODE_SIGN_STYLE = Automatic;
				CURRENT_PROJECT_VERSION = 1;
				DEVELOPMENT_TEAM = 2FU3YA6LYJ;
				GENERATE_INFOPLIST_FILE = YES;
				INFOPLIST_FILE = WetherApp/Info.plist;
				INFOPLIST_KEY_UIApplicationSupportsIndirectInputEvents = YES;
				INFOPLIST_KEY_UILaunchStoryboardName = LaunchScreen;
				INFOPLIST_KEY_UISupportedInterfaceOrientations_iPad = "UIInterfaceOrientationPortrait UIInterfaceOrientationPortraitUpsideDown UIInterfaceOrientationLandscapeLeft UIInterfaceOrientationLandscapeRight";
				INFOPLIST_KEY_UISupportedInterfaceOrientations_iPhone = "UIInterfaceOrientationPortrait UIInterfaceOrientationLandscapeLeft UIInterfaceOrientationLandscapeRight";
				IPHONEOS_DEPLOYMENT_TARGET = 16.0;
				LD_RUNPATH_SEARCH_PATHS = (
					"$(inherited)",
					"@executable_path/Frameworks",
				);
				MARKETING_VERSION = 1.0;
				PRODUCT_BUNDLE_IDENTIFIER = com.noah.WetherApp;
				PRODUCT_NAME = "$(TARGET_NAME)";
				SWIFT_EMIT_LOC_STRINGS = YES;
				SWIFT_VERSION = 5.0;
				TARGETED_DEVICE_FAMILY = "1,2";
			};
			name = Debug;
		};
		E5ACDC482C69E1A900BB9484 /* Release */ = {
			isa = XCBuildConfiguration;
			buildSettings = {
				ASSETCATALOG_COMPILER_APPICON_NAME = AppIcon;
				ASSETCATALOG_COMPILER_GLOBAL_ACCENT_COLOR_NAME = AccentColor;
				CODE_SIGN_STYLE = Automatic;
				CURRENT_PROJECT_VERSION = 1;
				DEVELOPMENT_TEAM = 2FU3YA6LYJ;
				GENERATE_INFOPLIST_FILE = YES;
				INFOPLIST_FILE = WetherApp/Info.plist;
				INFOPLIST_KEY_UIApplicationSupportsIndirectInputEvents = YES;
				INFOPLIST_KEY_UILaunchStoryboardName = LaunchScreen;
				INFOPLIST_KEY_UISupportedInterfaceOrientations_iPad = "UIInterfaceOrientationPortrait UIInterfaceOrientationPortraitUpsideDown UIInterfaceOrientationLandscapeLeft UIInterfaceOrientationLandscapeRight";
				INFOPLIST_KEY_UISupportedInterfaceOrientations_iPhone = "UIInterfaceOrientationPortrait UIInterfaceOrientationLandscapeLeft UIInterfaceOrientationLandscapeRight";
				IPHONEOS_DEPLOYMENT_TARGET = 16.0;
				LD_RUNPATH_SEARCH_PATHS = (
					"$(inherited)",
					"@executable_path/Frameworks",
				);
				MARKETING_VERSION = 1.0;
				PRODUCT_BUNDLE_IDENTIFIER = com.noah.WetherApp;
				PRODUCT_NAME = "$(TARGET_NAME)";
				SWIFT_EMIT_LOC_STRINGS = YES;
				SWIFT_VERSION = 5.0;
				TARGETED_DEVICE_FAMILY = "1,2";
			};
			name = Release;
		};
/* End XCBuildConfiguration section */

/* Begin XCConfigurationList section */
		E5ACDC2D2C69E1A700BB9484 /* Build configuration list for PBXProject "WetherApp" */ = {
			isa = XCConfigurationList;
			buildConfigurations = (
				E5ACDC442C69E1A900BB9484 /* Debug */,
				E5ACDC452C69E1A900BB9484 /* Release */,
			);
			defaultConfigurationIsVisible = 0;
			defaultConfigurationName = Release;
		};
		E5ACDC462C69E1A900BB9484 /* Build configuration list for PBXNativeTarget "WetherApp" */ = {
			isa = XCConfigurationList;
			buildConfigurations = (
				E5ACDC472C69E1A900BB9484 /* Debug */,
				E5ACDC482C69E1A900BB9484 /* Release */,
			);
			defaultConfigurationIsVisible = 0;
			defaultConfigurationName = Release;
		};
/* End XCConfigurationList section */

/* Begin XCRemoteSwiftPackageReference section */
		E5ACDC492C69E22900BB9484 /* XCRemoteSwiftPackageReference "SnapKit" */ = {
			isa = XCRemoteSwiftPackageReference;
			repositoryURL = "https://github.com/SnapKit/SnapKit.git";
			requirement = {
				kind = upToNextMajorVersion;
				minimumVersion = 5.7.1;
			};
		};
/* End XCRemoteSwiftPackageReference section */

/* Begin XCSwiftPackageProductDependency section */
		E5ACDC4A2C69E22900BB9484 /* SnapKit */ = {
			isa = XCSwiftPackageProductDependency;
			package = E5ACDC492C69E22900BB9484 /* XCRemoteSwiftPackageReference "SnapKit" */;
			productName = SnapKit;
		};
/* End XCSwiftPackageProductDependency section */
	};
	rootObject = E5ACDC2A2C69E1A700BB9484 /* Project object */;
}
